{
  "name": "Events By Delightful Decor",
  "lockfileVersion": 3,
  "requires": true,
  "packages": {
    "": {
      "dependencies": {
        "quick_flipbook": "^1.1.3",
        "three": "^0.181.1"
      }
    },
    "node_modules/quick_flipbook": {
      "version": "1.1.3",
      "resolved": "https://registry.npmjs.org/quick_flipbook/-/quick_flipbook-1.1.3.tgz",
      "integrity": "sha512-M9E8UnRn+2yRRRxSDoPsTd5/+zb4OqtsfljLhnKlJvov6nJzXh1BqE098QfhwNS/dPK9qutoc/MGGEUa9vBz4w==",
      "license": "BSD-2-Clause",
      "dependencies": {
        "three.modifiers": "^2.5.7"
      },
      "peerDependencies": {
        "three": ">=0.160.1"
      }
    },
    "node_modules/three": {
      "version": "0.181.1",
      "resolved": "https://registry.npmjs.org/three/-/three-0.181.1.tgz",
      "integrity": "sha512-bz9xZUQMw3pJbjKy7roiwXWgAp+oVUa+4k5o0oBAQ+IFJuru1xzvtk63h6k72XZanXS/SgoEhV6927Vgazyq2w==",
      "license": "MIT"
    },
    "node_modules/three.modifiers": {
      "version": "2.5.7",
      "resolved": "https://registry.npmjs.org/three.modifiers/-/three.modifiers-2.5.7.tgz",
      "integrity": "sha512-Z8BU0K3D3zJJNTNfSmeicbqokLGqbD9EbVmm56+/1DUAV98QE9jSI+IQQiRiOcVFBhUZEzZTfyYo4rXXZdp7TQ==",
      "license": "BSD"
    }
  }
}
